
Microsoft Visual Studio Solution File, Format Version 12.00
# Visual Studio Version 16
VisualStudioVersion = 16.0.31321.278
MinimumVisualStudioVersion = 10.0.40219.1
Project("{9A19103F-16F7-4668-BE54-9A1E7A4F7556}") = "RutasDeAprendizaje", "RutasDeAprendizaje.csproj", "{D809FD7B-04A3-4987-BFBF-5374920D4FD3}"
EndProject
Global
	GlobalSection(SolutionConfigurationPlatforms) = preSolution
		Debug|Any CPU = Debug|Any CPU
		Release|Any CPU = Release|Any CPU
	EndGlobalSection
	GlobalSection(ProjectConfigurationPlatforms) = postSolution
		{D809FD7B-04A3-4987-BFBF-5374920D4FD3}.Debug|Any CPU.ActiveCfg = Debug|Any CPU
		{D809FD7B-04A3-4987-BFBF-5374920D4FD3}.Debug|Any CPU.Build.0 = Debug|Any CPU
		{D809FD7B-04A3-4987-BFBF-5374920D4FD3}.Release|Any CPU.ActiveCfg = Release|Any CPU
		{D809FD7B-04A3-4987-BFBF-5374920D4FD3}.Release|Any CPU.Build.0 = Release|Any CPU
	EndGlobalSection
	GlobalSection(SolutionProperties) = preSolution
		HideSolutionNode = FALSE
	EndGlobalSection
	GlobalSection(ExtensibilityGlobals) = postSolution
		SolutionGuid = {C71DB26D-5EDC-4DB0-AB0E-006E59DC165D}
	EndGlobalSection
EndGlobal
